
Microsoft Visual Studio Solution File, Format Version 12.00
# Visual Studio 15
VisualStudioVersion = 15.0.28307.271
MinimumVisualStudioVersion = 10.0.40219.1
Project("{FAE04EC0-301F-11D3-BF4B-00C04F79EFBC}") = "CasePractice", "CasePractice\CasePractice.csproj", "{7CCD0DB4-30D9-43B1-942B-D7F76A7625DE}"
EndProject
Global
	GlobalSection(SolutionConfigurationPlatforms) = preSolution
		Debug|Any CPU = Debug|Any CPU
		Release|Any CPU = Release|Any CPU
	EndGlobalSection
	GlobalSection(ProjectConfigurationPlatforms) = postSolution
		{7CCD0DB4-30D9-43B1-942B-D7F76A7625DE}.Debug|Any CPU.ActiveCfg = Debug|Any CPU
		{7CCD0DB4-30D9-43B1-942B-D7F76A7625DE}.Debug|Any CPU.Build.0 = Debug|Any CPU
		{7CCD0DB4-30D9-43B1-942B-D7F76A7625DE}.Release|Any CPU.ActiveCfg = Release|Any CPU
		{7CCD0DB4-30D9-43B1-942B-D7F76A7625DE}.Release|Any CPU.Build.0 = Release|Any CPU
	EndGlobalSection
	GlobalSection(SolutionProperties) = preSolution
		HideSolutionNode = FALSE
	EndGlobalSection
	GlobalSection(ExtensibilityGlobals) = postSolution
		SolutionGuid = {466C28B8-2FF7-4C13-89B8-5FCD61037A3C}
	EndGlobalSection
EndGlobal
